
Microsoft Visual Studio Solution File, Format Version 12.00
# Visual Studio Version 17
VisualStudioVersion = 17.5.33530.505
MinimumVisualStudioVersion = 10.0.40219.1
Project("{FAE04EC0-301F-11D3-BF4B-00C04F79EFBC}") = "Syntax.Mobile.Android", "Syntax.Mobile\Syntax.Mobile.Android\Syntax.Mobile.Android.csproj", "{501098C8-20D7-451C-873D-6416282F8A9E}"
EndProject
Project("{FAE04EC0-301F-11D3-BF4B-00C04F79EFBC}") = "Syntax.Mobile.iOS", "Syntax.Mobile\Syntax.Mobile.iOS\Syntax.Mobile.iOS.csproj", "{8F68CAA4-AA9D-4F11-894D-34D26C5AF50A}"
EndProject
Project("{FAE04EC0-301F-11D3-BF4B-00C04F79EFBC}") = "Syntax.Mobile", "Syntax.Mobile\Syntax.Mobile\Syntax.Mobile.csproj", "{333C9AEA-90EF-4F3C-A2E6-7ECCA0751BD8}"
EndProject
Global
	GlobalSection(SolutionConfigurationPlatforms) = preSolution
		Debug|Any CPU = Debug|Any CPU
		Debug|iPhone = Debug|iPhone
		Debug|iPhoneSimulator = Debug|iPhoneSimulator
		Release|Any CPU = Release|Any CPU
		Release|iPhone = Release|iPhone
		Release|iPhoneSimulator = Release|iPhoneSimulator
	EndGlobalSection
	GlobalSection(ProjectConfigurationPlatforms) = postSolution
		{501098C8-20D7-451C-873D-6416282F8A9E}.Debug|Any CPU.ActiveCfg = Debug|Any CPU
		{501098C8-20D7-451C-873D-6416282F8A9E}.Debug|Any CPU.Build.0 = Debug|Any CPU
		{501098C8-20D7-451C-873D-6416282F8A9E}.Debug|Any CPU.Deploy.0 = Debug|Any CPU
		{501098C8-20D7-451C-873D-6416282F8A9E}.Debug|iPhone.ActiveCfg = Debug|Any CPU
		{501098C8-20D7-451C-873D-6416282F8A9E}.Debug|iPhone.Build.0 = Debug|Any CPU
		{501098C8-20D7-451C-873D-6416282F8A9E}.Debug|iPhone.Deploy.0 = Debug|Any CPU
		{501098C8-20D7-451C-873D-6416282F8A9E}.Debug|iPhoneSimulator.ActiveCfg = Debug|Any CPU
		{501098C8-20D7-451C-873D-6416282F8A9E}.Debug|iPhoneSimulator.Build.0 = Debug|Any CPU
		{501098C8-20D7-451C-873D-6416282F8A9E}.Debug|iPhoneSimulator.Deploy.0 = Debug|Any CPU
		{501098C8-20D7-451C-873D-6416282F8A9E}.Release|Any CPU.ActiveCfg = Release|Any CPU
		{501098C8-20D7-451C-873D-6416282F8A9E}.Release|Any CPU.Build.0 = Release|Any CPU
		{501098C8-20D7-451C-873D-6416282F8A9E}.Release|Any CPU.Deploy.0 = Release|Any CPU
		{501098C8-20D7-451C-873D-6416282F8A9E}.Release|iPhone.ActiveCfg = Release|Any CPU
		{501098C8-20D7-451C-873D-6416282F8A9E}.Release|iPhone.Build.0 = Release|Any CPU
		{501098C8-20D7-451C-873D-6416282F8A9E}.Release|iPhone.Deploy.0 = Release|Any CPU
		{501098C8-20D7-451C-873D-6416282F8A9E}.Release|iPhoneSimulator.ActiveCfg = Release|Any CPU
		{501098C8-20D7-451C-873D-6416282F8A9E}.Release|iPhoneSimulator.Build.0 = Release|Any CPU
		{501098C8-20D7-451C-873D-6416282F8A9E}.Release|iPhoneSimulator.Deploy.0 = Release|Any CPU
		{8F68CAA4-AA9D-4F11-894D-34D26C5AF50A}.Debug|Any CPU.ActiveCfg = Debug|iPhone
		{8F68CAA4-AA9D-4F11-894D-34D26C5AF50A}.Debug|Any CPU.Build.0 = Debug|iPhone
		{8F68CAA4-AA9D-4F11-894D-34D26C5AF50A}.Debug|Any CPU.Deploy.0 = Debug|iPhone
		{8F68CAA4-AA9D-4F11-894D-34D26C5AF50A}.Debug|iPhone.ActiveCfg = Debug|iPhone
		{8F68CAA4-AA9D-4F11-894D-34D26C5AF50A}.Debug|iPhone.Build.0 = Debug|iPhone
		{8F68CAA4-AA9D-4F11-894D-34D26C5AF50A}.Debug|iPhone.Deploy.0 = Debug|iPhone
		{8F68CAA4-AA9D-4F11-894D-34D26C5AF50A}.Debug|iPhoneSimulator.ActiveCfg = Debug|iPhoneSimulator
		{8F68CAA4-AA9D-4F11-894D-34D26C5AF50A}.Debug|iPhoneSimulator.Build.0 = Debug|iPhoneSimulator
		{8F68CAA4-AA9D-4F11-894D-34D26C5AF50A}.Debug|iPhoneSimulator.Deploy.0 = Debug|iPhoneSimulator
		{8F68CAA4-AA9D-4F11-894D-34D26C5AF50A}.Release|Any CPU.ActiveCfg = Release|iPhoneSimulator
		{8F68CAA4-AA9D-4F11-894D-34D26C5AF50A}.Release|Any CPU.Build.0 = Release|iPhoneSimulator
		{8F68CAA4-AA9D-4F11-894D-34D26C5AF50A}.Release|Any CPU.Deploy.0 = Release|iPhoneSimulator
		{8F68CAA4-AA9D-4F11-894D-34D26C5AF50A}.Release|iPhone.ActiveCfg = Release|iPhone
		{8F68CAA4-AA9D-4F11-894D-34D26C5AF50A}.Release|iPhone.Build.0 = Release|iPhone
		{8F68CAA4-AA9D-4F11-894D-34D26C5AF50A}.Release|iPhone.Deploy.0 = Release|iPhone
		{8F68CAA4-AA9D-4F11-894D-34D26C5AF50A}.Release|iPhoneSimulator.ActiveCfg = Release|iPhoneSimulator
		{8F68CAA4-AA9D-4F11-894D-34D26C5AF50A}.Release|iPhoneSimulator.Build.0 = Release|iPhoneSimulator
		{8F68CAA4-AA9D-4F11-894D-34D26C5AF50A}.Release|iPhoneSimulator.Deploy.0 = Release|iPhoneSimulator
		{333C9AEA-90EF-4F3C-A2E6-7ECCA0751BD8}.Debug|Any CPU.ActiveCfg = Debug|Any CPU
		{333C9AEA-90EF-4F3C-A2E6-7ECCA0751BD8}.Debug|Any CPU.Build.0 = Debug|Any CPU
		{333C9AEA-90EF-4F3C-A2E6-7ECCA0751BD8}.Debug|Any CPU.Deploy.0 = Debug|Any CPU
		{333C9AEA-90EF-4F3C-A2E6-7ECCA0751BD8}.Debug|iPhone.ActiveCfg = Debug|Any CPU
		{333C9AEA-90EF-4F3C-A2E6-7ECCA0751BD8}.Debug|iPhone.Build.0 = Debug|Any CPU
		{333C9AEA-90EF-4F3C-A2E6-7ECCA0751BD8}.Debug|iPhone.Deploy.0 = Debug|Any CPU
		{333C9AEA-90EF-4F3C-A2E6-7ECCA0751BD8}.Debug|iPhoneSimulator.ActiveCfg = Debug|Any CPU
		{333C9AEA-90EF-4F3C-A2E6-7ECCA0751BD8}.Debug|iPhoneSimulator.Build.0 = Debug|Any CPU
		{333C9AEA-90EF-4F3C-A2E6-7ECCA0751BD8}.Debug|iPhoneSimulator.Deploy.0 = Debug|Any CPU
		{333C9AEA-90EF-4F3C-A2E6-7ECCA0751BD8}.Release|Any CPU.ActiveCfg = Release|Any CPU
		{333C9AEA-90EF-4F3C-A2E6-7ECCA0751BD8}.Release|Any CPU.Build.0 = Release|Any CPU
		{333C9AEA-90EF-4F3C-A2E6-7ECCA0751BD8}.Release|Any CPU.Deploy.0 = Release|Any CPU
		{333C9AEA-90EF-4F3C-A2E6-7ECCA0751BD8}.Release|iPhone.ActiveCfg = Release|Any CPU
		{333C9AEA-90EF-4F3C-A2E6-7ECCA0751BD8}.Release|iPhone.Build.0 = Release|Any CPU
		{333C9AEA-90EF-4F3C-A2E6-7ECCA0751BD8}.Release|iPhone.Deploy.0 = Release|Any CPU
		{333C9AEA-90EF-4F3C-A2E6-7ECCA0751BD8}.Release|iPhoneSimulator.ActiveCfg = Release|Any CPU
		{333C9AEA-90EF-4F3C-A2E6-7ECCA0751BD8}.Release|iPhoneSimulator.Build.0 = Release|Any CPU
		{333C9AEA-90EF-4F3C-A2E6-7ECCA0751BD8}.Release|iPhoneSimulator.Deploy.0 = Release|Any CPU
	EndGlobalSection
	GlobalSection(SolutionProperties) = preSolution
		HideSolutionNode = FALSE
	EndGlobalSection
	GlobalSection(ExtensibilityGlobals) = postSolution
		SolutionGuid = {01D11766-2773-4F17-BA01-926926132787}
	EndGlobalSection
EndGlobal
